
Microsoft Visual Studio Solution File, Format Version 12.00
# Visual Studio Version 16
VisualStudioVersion = 16.0.29326.143
MinimumVisualStudioVersion = 10.0.40219.1
Project("{9A19103F-16F7-4668-BE54-9A1E7A4F7556}") = "Opdracht1 - Softwarebedrijf", "Opdracht1 - Softwarebedrijf\Opdracht1 - Softwarebedrijf.csproj", "{8568FBC7-D2B0-4837-ADE3-A9659243C412}"
EndProject
Project("{9A19103F-16F7-4668-BE54-9A1E7A4F7556}") = "Opdracht2 - Yahtzee game", "Opdracht2 -Yahtzee game\Opdracht2 - Yahtzee game.csproj", "{92CBA555-6FB6-46BF-A0AE-ADDC0BEACC12}"
EndProject
Global
	GlobalSection(SolutionConfigurationPlatforms) = preSolution
		Debug|Any CPU = Debug|Any CPU
		Release|Any CPU = Release|Any CPU
	EndGlobalSection
	GlobalSection(ProjectConfigurationPlatforms) = postSolution
		{8568FBC7-D2B0-4837-ADE3-A9659243C412}.Debug|Any CPU.ActiveCfg = Debug|Any CPU
		{8568FBC7-D2B0-4837-ADE3-A9659243C412}.Debug|Any CPU.Build.0 = Debug|Any CPU
		{8568FBC7-D2B0-4837-ADE3-A9659243C412}.Release|Any CPU.ActiveCfg = Release|Any CPU
		{8568FBC7-D2B0-4837-ADE3-A9659243C412}.Release|Any CPU.Build.0 = Release|Any CPU
		{92CBA555-6FB6-46BF-A0AE-ADDC0BEACC12}.Debug|Any CPU.ActiveCfg = Debug|Any CPU
		{92CBA555-6FB6-46BF-A0AE-ADDC0BEACC12}.Debug|Any CPU.Build.0 = Debug|Any CPU
		{92CBA555-6FB6-46BF-A0AE-ADDC0BEACC12}.Release|Any CPU.ActiveCfg = Release|Any CPU
		{92CBA555-6FB6-46BF-A0AE-ADDC0BEACC12}.Release|Any CPU.Build.0 = Release|Any CPU
	EndGlobalSection
	GlobalSection(SolutionProperties) = preSolution
		HideSolutionNode = FALSE
	EndGlobalSection
	GlobalSection(ExtensibilityGlobals) = postSolution
		SolutionGuid = {0D0BE205-E75F-42FF-9DB0-7B7E9D243A55}
	EndGlobalSection
EndGlobal
