
Microsoft Visual Studio Solution File, Format Version 12.00
# Visual Studio Version 16
VisualStudioVersion = 16.0.29009.5
MinimumVisualStudioVersion = 10.0.40219.1
Project("{FAE04EC0-301F-11D3-BF4B-00C04F79EFBC}") = "Lesson1", "Lesson1\Lesson1.csproj", "{03D72B20-990C-43F8-AF09-71F74511EFC8}"
EndProject
Global
	GlobalSection(SolutionConfigurationPlatforms) = preSolution
		Debug|Any CPU = Debug|Any CPU
		Release|Any CPU = Release|Any CPU
	EndGlobalSection
	GlobalSection(ProjectConfigurationPlatforms) = postSolution
		{03D72B20-990C-43F8-AF09-71F74511EFC8}.Debug|Any CPU.ActiveCfg = Debug|Any CPU
		{03D72B20-990C-43F8-AF09-71F74511EFC8}.Debug|Any CPU.Build.0 = Debug|Any CPU
		{03D72B20-990C-43F8-AF09-71F74511EFC8}.Release|Any CPU.ActiveCfg = Release|Any CPU
		{03D72B20-990C-43F8-AF09-71F74511EFC8}.Release|Any CPU.Build.0 = Release|Any CPU
	EndGlobalSection
	GlobalSection(SolutionProperties) = preSolution
		HideSolutionNode = FALSE
	EndGlobalSection
	GlobalSection(ExtensibilityGlobals) = postSolution
		SolutionGuid = {77997321-B20D-4706-BA6B-35AA8D08B457}
	EndGlobalSection
EndGlobal
