
Microsoft Visual Studio Solution File, Format Version 12.00
# Visual Studio 15
VisualStudioVersion = 15.0.27428.2037
MinimumVisualStudioVersion = 10.0.40219.1
Project("{FAE04EC0-301F-11D3-BF4B-00C04F79EFBC}") = "Opdracht1", "Opdracht1\Opdracht1.csproj", "{10ABA7E1-79E9-408F-8598-4C7E7EA1FEB7}"
EndProject
Project("{FAE04EC0-301F-11D3-BF4B-00C04F79EFBC}") = "Opdracht2", "Opdracht2\Opdracht2.csproj", "{C6476A86-B7E3-45A6-8205-8C44D686A1B5}"
EndProject
Project("{FAE04EC0-301F-11D3-BF4B-00C04F79EFBC}") = "Opdracht3", "Opdracht3\Opdracht3.csproj", "{07BC0625-E5D1-4744-BB5D-63645E9E3BEE}"
EndProject
Project("{FAE04EC0-301F-11D3-BF4B-00C04F79EFBC}") = "Opdracht4", "Opdracht4\Opdracht4.csproj", "{E4D8E6B0-6A1A-4561-952A-87884AE9D129}"
EndProject
Project("{FAE04EC0-301F-11D3-BF4B-00C04F79EFBC}") = "Opdracht5", "Opdracht5\Opdracht5.csproj", "{225B5AF0-66BE-4481-AE12-E7BE8CB250EF}"
EndProject
Project("{FAE04EC0-301F-11D3-BF4B-00C04F79EFBC}") = "Opdracht6", "Opdracht6\Opdracht6.csproj", "{51DA6CC6-4898-46B5-AB7F-5538DDA80120}"
EndProject
Global
	GlobalSection(SolutionConfigurationPlatforms) = preSolution
		Debug|Any CPU = Debug|Any CPU
		Release|Any CPU = Release|Any CPU
	EndGlobalSection
	GlobalSection(ProjectConfigurationPlatforms) = postSolution
		{10ABA7E1-79E9-408F-8598-4C7E7EA1FEB7}.Debug|Any CPU.ActiveCfg = Debug|Any CPU
		{10ABA7E1-79E9-408F-8598-4C7E7EA1FEB7}.Debug|Any CPU.Build.0 = Debug|Any CPU
		{10ABA7E1-79E9-408F-8598-4C7E7EA1FEB7}.Release|Any CPU.ActiveCfg = Release|Any CPU
		{10ABA7E1-79E9-408F-8598-4C7E7EA1FEB7}.Release|Any CPU.Build.0 = Release|Any CPU
		{C6476A86-B7E3-45A6-8205-8C44D686A1B5}.Debug|Any CPU.ActiveCfg = Debug|Any CPU
		{C6476A86-B7E3-45A6-8205-8C44D686A1B5}.Debug|Any CPU.Build.0 = Debug|Any CPU
		{C6476A86-B7E3-45A6-8205-8C44D686A1B5}.Release|Any CPU.ActiveCfg = Release|Any CPU
		{C6476A86-B7E3-45A6-8205-8C44D686A1B5}.Release|Any CPU.Build.0 = Release|Any CPU
		{07BC0625-E5D1-4744-BB5D-63645E9E3BEE}.Debug|Any CPU.ActiveCfg = Debug|Any CPU
		{07BC0625-E5D1-4744-BB5D-63645E9E3BEE}.Debug|Any CPU.Build.0 = Debug|Any CPU
		{07BC0625-E5D1-4744-BB5D-63645E9E3BEE}.Release|Any CPU.ActiveCfg = Release|Any CPU
		{07BC0625-E5D1-4744-BB5D-63645E9E3BEE}.Release|Any CPU.Build.0 = Release|Any CPU
		{E4D8E6B0-6A1A-4561-952A-87884AE9D129}.Debug|Any CPU.ActiveCfg = Debug|Any CPU
		{E4D8E6B0-6A1A-4561-952A-87884AE9D129}.Debug|Any CPU.Build.0 = Debug|Any CPU
		{E4D8E6B0-6A1A-4561-952A-87884AE9D129}.Release|Any CPU.ActiveCfg = Release|Any CPU
		{E4D8E6B0-6A1A-4561-952A-87884AE9D129}.Release|Any CPU.Build.0 = Release|Any CPU
		{225B5AF0-66BE-4481-AE12-E7BE8CB250EF}.Debug|Any CPU.ActiveCfg = Debug|Any CPU
		{225B5AF0-66BE-4481-AE12-E7BE8CB250EF}.Debug|Any CPU.Build.0 = Debug|Any CPU
		{225B5AF0-66BE-4481-AE12-E7BE8CB250EF}.Release|Any CPU.ActiveCfg = Release|Any CPU
		{225B5AF0-66BE-4481-AE12-E7BE8CB250EF}.Release|Any CPU.Build.0 = Release|Any CPU
		{51DA6CC6-4898-46B5-AB7F-5538DDA80120}.Debug|Any CPU.ActiveCfg = Debug|Any CPU
		{51DA6CC6-4898-46B5-AB7F-5538DDA80120}.Debug|Any CPU.Build.0 = Debug|Any CPU
		{51DA6CC6-4898-46B5-AB7F-5538DDA80120}.Release|Any CPU.ActiveCfg = Release|Any CPU
		{51DA6CC6-4898-46B5-AB7F-5538DDA80120}.Release|Any CPU.Build.0 = Release|Any CPU
	EndGlobalSection
	GlobalSection(SolutionProperties) = preSolution
		HideSolutionNode = FALSE
	EndGlobalSection
	GlobalSection(ExtensibilityGlobals) = postSolution
		SolutionGuid = {2D48F347-025E-4D95-8FC3-9812274AA93F}
	EndGlobalSection
EndGlobal
