
Microsoft Visual Studio Solution File, Format Version 12.00
# Visual Studio Version 16
VisualStudioVersion = 16.0.29326.143
MinimumVisualStudioVersion = 10.0.40219.1
Project("{9A19103F-16F7-4668-BE54-9A1E7A4F7556}") = "Opdracht 1", "Opdracht 1\Opdracht 1.csproj", "{AC27B9A7-A59E-446D-89EA-E5131BEB73AA}"
EndProject
Project("{FAE04EC0-301F-11D3-BF4B-00C04F79EFBC}") = "Opdracht 2", "ConwayGameOfLife-student\Opdracht 2.csproj", "{B173BA7E-1DC2-4B08-B4C6-168A2C05C6B0}"
EndProject
Project("{FAE04EC0-301F-11D3-BF4B-00C04F79EFBC}") = "Opdracht 3", "Opdracht 3\Opdracht 3.csproj", "{DBD4225B-5578-4831-A7F5-2E7EF52CB009}"
EndProject
Global
	GlobalSection(SolutionConfigurationPlatforms) = preSolution
		Debug|Any CPU = Debug|Any CPU
		Release|Any CPU = Release|Any CPU
	EndGlobalSection
	GlobalSection(ProjectConfigurationPlatforms) = postSolution
		{AC27B9A7-A59E-446D-89EA-E5131BEB73AA}.Debug|Any CPU.ActiveCfg = Debug|Any CPU
		{AC27B9A7-A59E-446D-89EA-E5131BEB73AA}.Debug|Any CPU.Build.0 = Debug|Any CPU
		{AC27B9A7-A59E-446D-89EA-E5131BEB73AA}.Release|Any CPU.ActiveCfg = Release|Any CPU
		{AC27B9A7-A59E-446D-89EA-E5131BEB73AA}.Release|Any CPU.Build.0 = Release|Any CPU
		{B173BA7E-1DC2-4B08-B4C6-168A2C05C6B0}.Debug|Any CPU.ActiveCfg = Debug|Any CPU
		{B173BA7E-1DC2-4B08-B4C6-168A2C05C6B0}.Debug|Any CPU.Build.0 = Debug|Any CPU
		{B173BA7E-1DC2-4B08-B4C6-168A2C05C6B0}.Release|Any CPU.ActiveCfg = Release|Any CPU
		{B173BA7E-1DC2-4B08-B4C6-168A2C05C6B0}.Release|Any CPU.Build.0 = Release|Any CPU
		{DBD4225B-5578-4831-A7F5-2E7EF52CB009}.Debug|Any CPU.ActiveCfg = Debug|Any CPU
		{DBD4225B-5578-4831-A7F5-2E7EF52CB009}.Debug|Any CPU.Build.0 = Debug|Any CPU
		{DBD4225B-5578-4831-A7F5-2E7EF52CB009}.Release|Any CPU.ActiveCfg = Release|Any CPU
		{DBD4225B-5578-4831-A7F5-2E7EF52CB009}.Release|Any CPU.Build.0 = Release|Any CPU
	EndGlobalSection
	GlobalSection(SolutionProperties) = preSolution
		HideSolutionNode = FALSE
	EndGlobalSection
	GlobalSection(ExtensibilityGlobals) = postSolution
		SolutionGuid = {891DFB26-5EFC-4387-BF3D-8C5ECF5A0B95}
	EndGlobalSection
EndGlobal
