
Microsoft Visual Studio Solution File, Format Version 12.00
# Visual Studio Version 16
VisualStudioVersion = 16.0.29326.143
MinimumVisualStudioVersion = 10.0.40219.1
Project("{FAE04EC0-301F-11D3-BF4B-00C04F79EFBC}") = "Opdracht 1", "Opdracht 1\Opdracht 1.csproj", "{61B8710B-3048-4971-B9A2-67234529978C}"
EndProject
Global
	GlobalSection(SolutionConfigurationPlatforms) = preSolution
		Debug|Any CPU = Debug|Any CPU
		Release|Any CPU = Release|Any CPU
	EndGlobalSection
	GlobalSection(ProjectConfigurationPlatforms) = postSolution
		{61B8710B-3048-4971-B9A2-67234529978C}.Debug|Any CPU.ActiveCfg = Debug|Any CPU
		{61B8710B-3048-4971-B9A2-67234529978C}.Debug|Any CPU.Build.0 = Debug|Any CPU
		{61B8710B-3048-4971-B9A2-67234529978C}.Release|Any CPU.ActiveCfg = Release|Any CPU
		{61B8710B-3048-4971-B9A2-67234529978C}.Release|Any CPU.Build.0 = Release|Any CPU
	EndGlobalSection
	GlobalSection(SolutionProperties) = preSolution
		HideSolutionNode = FALSE
	EndGlobalSection
	GlobalSection(ExtensibilityGlobals) = postSolution
		SolutionGuid = {CE812D2C-9AB4-44FE-B671-7193B807A25C}
	EndGlobalSection
EndGlobal
