
Microsoft Visual Studio Solution File, Format Version 12.00
# Visual Studio Version 16
VisualStudioVersion = 16.0.29326.143
MinimumVisualStudioVersion = 10.0.40219.1
Project("{9A19103F-16F7-4668-BE54-9A1E7A4F7556}") = "Opdracht 1", "Opdracht 1\Opdracht 1.csproj", "{61B8710B-3048-4971-B9A2-67234529978C}"
EndProject
Project("{9A19103F-16F7-4668-BE54-9A1E7A4F7556}") = "Opdracht 2", "Opdracht 2\Opdracht 2.csproj", "{80DAE6EB-D63F-43BF-8113-4110838F4955}"
EndProject
Project("{FAE04EC0-301F-11D3-BF4B-00C04F79EFBC}") = "Opdracht 3", "Opdracht 3\Opdracht 3.csproj", "{6E02B92F-01AE-4234-8298-779E4100F449}"
EndProject
Global
	GlobalSection(SolutionConfigurationPlatforms) = preSolution
		Debug|Any CPU = Debug|Any CPU
		Release|Any CPU = Release|Any CPU
	EndGlobalSection
	GlobalSection(ProjectConfigurationPlatforms) = postSolution
		{61B8710B-3048-4971-B9A2-67234529978C}.Debug|Any CPU.ActiveCfg = Debug|Any CPU
		{61B8710B-3048-4971-B9A2-67234529978C}.Debug|Any CPU.Build.0 = Debug|Any CPU
		{61B8710B-3048-4971-B9A2-67234529978C}.Release|Any CPU.ActiveCfg = Release|Any CPU
		{61B8710B-3048-4971-B9A2-67234529978C}.Release|Any CPU.Build.0 = Release|Any CPU
		{80DAE6EB-D63F-43BF-8113-4110838F4955}.Debug|Any CPU.ActiveCfg = Debug|Any CPU
		{80DAE6EB-D63F-43BF-8113-4110838F4955}.Debug|Any CPU.Build.0 = Debug|Any CPU
		{80DAE6EB-D63F-43BF-8113-4110838F4955}.Release|Any CPU.ActiveCfg = Release|Any CPU
		{80DAE6EB-D63F-43BF-8113-4110838F4955}.Release|Any CPU.Build.0 = Release|Any CPU
		{6E02B92F-01AE-4234-8298-779E4100F449}.Debug|Any CPU.ActiveCfg = Debug|Any CPU
		{6E02B92F-01AE-4234-8298-779E4100F449}.Debug|Any CPU.Build.0 = Debug|Any CPU
		{6E02B92F-01AE-4234-8298-779E4100F449}.Release|Any CPU.ActiveCfg = Release|Any CPU
		{6E02B92F-01AE-4234-8298-779E4100F449}.Release|Any CPU.Build.0 = Release|Any CPU
	EndGlobalSection
	GlobalSection(SolutionProperties) = preSolution
		HideSolutionNode = FALSE
	EndGlobalSection
	GlobalSection(ExtensibilityGlobals) = postSolution
		SolutionGuid = {CE812D2C-9AB4-44FE-B671-7193B807A25C}
	EndGlobalSection
EndGlobal
