
Microsoft Visual Studio Solution File, Format Version 12.00
# Visual Studio 15
VisualStudioVersion = 15.0.27428.2037
MinimumVisualStudioVersion = 10.0.40219.1
Project("{FAE04EC0-301F-11D3-BF4B-00C04F79EFBC}") = "Opdracht1", "Opdracht1\Opdracht1.csproj", "{0BE3D315-E891-4128-A23F-9EBE14516D2A}"
EndProject
Project("{FAE04EC0-301F-11D3-BF4B-00C04F79EFBC}") = "Opdracht2", "Opdracht2\Opdracht2.csproj", "{F1853D0A-A4D0-4DB3-AB33-5B582D786840}"
EndProject
Project("{FAE04EC0-301F-11D3-BF4B-00C04F79EFBC}") = "Opdracht3", "Opdracht3\Opdracht3.csproj", "{3D6B4E8E-9E95-4E1A-AB6D-DE4C6B656A4D}"
EndProject
Project("{FAE04EC0-301F-11D3-BF4B-00C04F79EFBC}") = "Opdracht4", "Opdracht4\Opdracht4.csproj", "{6B36D7F8-1B9E-4460-912A-C8D38764D25F}"
EndProject
Project("{FAE04EC0-301F-11D3-BF4B-00C04F79EFBC}") = "Opdracht 5", "Opdracht 5\Opdracht 5.csproj", "{3B59D18F-F288-4B35-91AC-2DF6445155DE}"
EndProject
Project("{FAE04EC0-301F-11D3-BF4B-00C04F79EFBC}") = "Opdracht6", "Opdracht6\Opdracht6.csproj", "{864D8CAF-260E-4093-818D-6AB7A0C10965}"
EndProject
Project("{FAE04EC0-301F-11D3-BF4B-00C04F79EFBC}") = "Opdracht7", "Opdracht7\Opdracht7.csproj", "{CD6A2880-54A6-4C58-A8EE-F7F837FAA57C}"
EndProject
Project("{FAE04EC0-301F-11D3-BF4B-00C04F79EFBC}") = "Opdracht8", "Opdracht8\Opdracht8.csproj", "{2B6E8C01-70AB-4197-9EAA-3158685FD182}"
EndProject
Global
	GlobalSection(SolutionConfigurationPlatforms) = preSolution
		Debug|Any CPU = Debug|Any CPU
		Release|Any CPU = Release|Any CPU
	EndGlobalSection
	GlobalSection(ProjectConfigurationPlatforms) = postSolution
		{0BE3D315-E891-4128-A23F-9EBE14516D2A}.Debug|Any CPU.ActiveCfg = Debug|Any CPU
		{0BE3D315-E891-4128-A23F-9EBE14516D2A}.Debug|Any CPU.Build.0 = Debug|Any CPU
		{0BE3D315-E891-4128-A23F-9EBE14516D2A}.Release|Any CPU.ActiveCfg = Release|Any CPU
		{0BE3D315-E891-4128-A23F-9EBE14516D2A}.Release|Any CPU.Build.0 = Release|Any CPU
		{F1853D0A-A4D0-4DB3-AB33-5B582D786840}.Debug|Any CPU.ActiveCfg = Debug|Any CPU
		{F1853D0A-A4D0-4DB3-AB33-5B582D786840}.Debug|Any CPU.Build.0 = Debug|Any CPU
		{F1853D0A-A4D0-4DB3-AB33-5B582D786840}.Release|Any CPU.ActiveCfg = Release|Any CPU
		{F1853D0A-A4D0-4DB3-AB33-5B582D786840}.Release|Any CPU.Build.0 = Release|Any CPU
		{3D6B4E8E-9E95-4E1A-AB6D-DE4C6B656A4D}.Debug|Any CPU.ActiveCfg = Debug|Any CPU
		{3D6B4E8E-9E95-4E1A-AB6D-DE4C6B656A4D}.Debug|Any CPU.Build.0 = Debug|Any CPU
		{3D6B4E8E-9E95-4E1A-AB6D-DE4C6B656A4D}.Release|Any CPU.ActiveCfg = Release|Any CPU
		{3D6B4E8E-9E95-4E1A-AB6D-DE4C6B656A4D}.Release|Any CPU.Build.0 = Release|Any CPU
		{6B36D7F8-1B9E-4460-912A-C8D38764D25F}.Debug|Any CPU.ActiveCfg = Debug|Any CPU
		{6B36D7F8-1B9E-4460-912A-C8D38764D25F}.Debug|Any CPU.Build.0 = Debug|Any CPU
		{6B36D7F8-1B9E-4460-912A-C8D38764D25F}.Release|Any CPU.ActiveCfg = Release|Any CPU
		{6B36D7F8-1B9E-4460-912A-C8D38764D25F}.Release|Any CPU.Build.0 = Release|Any CPU
		{3B59D18F-F288-4B35-91AC-2DF6445155DE}.Debug|Any CPU.ActiveCfg = Debug|Any CPU
		{3B59D18F-F288-4B35-91AC-2DF6445155DE}.Debug|Any CPU.Build.0 = Debug|Any CPU
		{3B59D18F-F288-4B35-91AC-2DF6445155DE}.Release|Any CPU.ActiveCfg = Release|Any CPU
		{3B59D18F-F288-4B35-91AC-2DF6445155DE}.Release|Any CPU.Build.0 = Release|Any CPU
		{864D8CAF-260E-4093-818D-6AB7A0C10965}.Debug|Any CPU.ActiveCfg = Debug|Any CPU
		{864D8CAF-260E-4093-818D-6AB7A0C10965}.Debug|Any CPU.Build.0 = Debug|Any CPU
		{864D8CAF-260E-4093-818D-6AB7A0C10965}.Release|Any CPU.ActiveCfg = Release|Any CPU
		{864D8CAF-260E-4093-818D-6AB7A0C10965}.Release|Any CPU.Build.0 = Release|Any CPU
		{CD6A2880-54A6-4C58-A8EE-F7F837FAA57C}.Debug|Any CPU.ActiveCfg = Debug|Any CPU
		{CD6A2880-54A6-4C58-A8EE-F7F837FAA57C}.Debug|Any CPU.Build.0 = Debug|Any CPU
		{CD6A2880-54A6-4C58-A8EE-F7F837FAA57C}.Release|Any CPU.ActiveCfg = Release|Any CPU
		{CD6A2880-54A6-4C58-A8EE-F7F837FAA57C}.Release|Any CPU.Build.0 = Release|Any CPU
		{2B6E8C01-70AB-4197-9EAA-3158685FD182}.Debug|Any CPU.ActiveCfg = Debug|Any CPU
		{2B6E8C01-70AB-4197-9EAA-3158685FD182}.Debug|Any CPU.Build.0 = Debug|Any CPU
		{2B6E8C01-70AB-4197-9EAA-3158685FD182}.Release|Any CPU.ActiveCfg = Release|Any CPU
		{2B6E8C01-70AB-4197-9EAA-3158685FD182}.Release|Any CPU.Build.0 = Release|Any CPU
	EndGlobalSection
	GlobalSection(SolutionProperties) = preSolution
		HideSolutionNode = FALSE
	EndGlobalSection
	GlobalSection(ExtensibilityGlobals) = postSolution
		SolutionGuid = {718777FD-970C-4453-8F5F-85801200388A}
	EndGlobalSection
EndGlobal
